
Microsoft Visual Studio Solution File, Format Version 12.00
# Visual Studio Version 17
VisualStudioVersion = 17.13.35825.156 d17.13
MinimumVisualStudioVersion = 10.0.40219.1
Project("{FAE04EC0-301F-11D3-BF4B-00C04F79EFBC}") = "Area del rectangulo", "Area del rectangulo.csproj", "{1D07216E-1650-48B1-8EBD-92E9767983A0}"
EndProject
Global
	GlobalSection(SolutionConfigurationPlatforms) = preSolution
		Debug|Any CPU = Debug|Any CPU
		Release|Any CPU = Release|Any CPU
	EndGlobalSection
	GlobalSection(ProjectConfigurationPlatforms) = postSolution
		{1D07216E-1650-48B1-8EBD-92E9767983A0}.Debug|Any CPU.ActiveCfg = Debug|Any CPU
		{1D07216E-1650-48B1-8EBD-92E9767983A0}.Debug|Any CPU.Build.0 = Debug|Any CPU
		{1D07216E-1650-48B1-8EBD-92E9767983A0}.Release|Any CPU.ActiveCfg = Release|Any CPU
		{1D07216E-1650-48B1-8EBD-92E9767983A0}.Release|Any CPU.Build.0 = Release|Any CPU
	EndGlobalSection
	GlobalSection(SolutionProperties) = preSolution
		HideSolutionNode = FALSE
	EndGlobalSection
	GlobalSection(ExtensibilityGlobals) = postSolution
		SolutionGuid = {316D478E-79DF-41CB-9B24-77A7AD5F879C}
	EndGlobalSection
EndGlobal
