
Microsoft Visual Studio Solution File, Format Version 12.00
# Visual Studio Version 17
VisualStudioVersion = 17.13.35825.156 d17.13
MinimumVisualStudioVersion = 10.0.40219.1
Project("{FAE04EC0-301F-11D3-BF4B-00C04F79EFBC}") = "Datos correctos", "Datos correctos.csproj", "{E2CCDD35-A565-4993-9C1E-E0480B6F47D8}"
EndProject
Global
	GlobalSection(SolutionConfigurationPlatforms) = preSolution
		Debug|Any CPU = Debug|Any CPU
		Release|Any CPU = Release|Any CPU
	EndGlobalSection
	GlobalSection(ProjectConfigurationPlatforms) = postSolution
		{E2CCDD35-A565-4993-9C1E-E0480B6F47D8}.Debug|Any CPU.ActiveCfg = Debug|Any CPU
		{E2CCDD35-A565-4993-9C1E-E0480B6F47D8}.Debug|Any CPU.Build.0 = Debug|Any CPU
		{E2CCDD35-A565-4993-9C1E-E0480B6F47D8}.Release|Any CPU.ActiveCfg = Release|Any CPU
		{E2CCDD35-A565-4993-9C1E-E0480B6F47D8}.Release|Any CPU.Build.0 = Release|Any CPU
	EndGlobalSection
	GlobalSection(SolutionProperties) = preSolution
		HideSolutionNode = FALSE
	EndGlobalSection
	GlobalSection(ExtensibilityGlobals) = postSolution
		SolutionGuid = {16A2C0B6-8139-41BF-AE12-C6C58557ABC3}
	EndGlobalSection
EndGlobal
