
Microsoft Visual Studio Solution File, Format Version 12.00
# Visual Studio Version 17
VisualStudioVersion = 17.13.35825.156 d17.13
MinimumVisualStudioVersion = 10.0.40219.1
Project("{FAE04EC0-301F-11D3-BF4B-00C04F79EFBC}") = "Mayor edad", "Mayor edad.csproj", "{D2A99563-9614-4C78-95C4-51BC8193DC79}"
EndProject
Global
	GlobalSection(SolutionConfigurationPlatforms) = preSolution
		Debug|Any CPU = Debug|Any CPU
		Release|Any CPU = Release|Any CPU
	EndGlobalSection
	GlobalSection(ProjectConfigurationPlatforms) = postSolution
		{D2A99563-9614-4C78-95C4-51BC8193DC79}.Debug|Any CPU.ActiveCfg = Debug|Any CPU
		{D2A99563-9614-4C78-95C4-51BC8193DC79}.Debug|Any CPU.Build.0 = Debug|Any CPU
		{D2A99563-9614-4C78-95C4-51BC8193DC79}.Release|Any CPU.ActiveCfg = Release|Any CPU
		{D2A99563-9614-4C78-95C4-51BC8193DC79}.Release|Any CPU.Build.0 = Release|Any CPU
	EndGlobalSection
	GlobalSection(SolutionProperties) = preSolution
		HideSolutionNode = FALSE
	EndGlobalSection
	GlobalSection(ExtensibilityGlobals) = postSolution
		SolutionGuid = {0E85A1D1-4C80-472A-AF4E-404326270452}
	EndGlobalSection
EndGlobal
