
Microsoft Visual Studio Solution File, Format Version 12.00
# Visual Studio Version 17
VisualStudioVersion = 17.14.36623.8 d17.14
MinimumVisualStudioVersion = 10.0.40219.1
Project("{FAE04EC0-301F-11D3-BF4B-00C04F79EFBC}") = "Edad y etapa de vida", "Edad y etapa de vida.csproj", "{292C844B-DE39-4D46-BA2D-51189E0F48AB}"
EndProject
Global
	GlobalSection(SolutionConfigurationPlatforms) = preSolution
		Debug|Any CPU = Debug|Any CPU
		Release|Any CPU = Release|Any CPU
	EndGlobalSection
	GlobalSection(ProjectConfigurationPlatforms) = postSolution
		{292C844B-DE39-4D46-BA2D-51189E0F48AB}.Debug|Any CPU.ActiveCfg = Debug|Any CPU
		{292C844B-DE39-4D46-BA2D-51189E0F48AB}.Debug|Any CPU.Build.0 = Debug|Any CPU
		{292C844B-DE39-4D46-BA2D-51189E0F48AB}.Release|Any CPU.ActiveCfg = Release|Any CPU
		{292C844B-DE39-4D46-BA2D-51189E0F48AB}.Release|Any CPU.Build.0 = Release|Any CPU
	EndGlobalSection
	GlobalSection(SolutionProperties) = preSolution
		HideSolutionNode = FALSE
	EndGlobalSection
	GlobalSection(ExtensibilityGlobals) = postSolution
		SolutionGuid = {B950A1F2-481B-4CEF-A592-D39DCD87599E}
	EndGlobalSection
EndGlobal
