
Microsoft Visual Studio Solution File, Format Version 12.00
# Visual Studio Version 17
VisualStudioVersion = 17.13.35825.156 d17.13
MinimumVisualStudioVersion = 10.0.40219.1
Project("{FAE04EC0-301F-11D3-BF4B-00C04F79EFBC}") = "Accesi por clave", "Accesi por clave.csproj", "{1DC5914E-FD01-44D0-A229-DF55655102EE}"
EndProject
Global
	GlobalSection(SolutionConfigurationPlatforms) = preSolution
		Debug|Any CPU = Debug|Any CPU
		Release|Any CPU = Release|Any CPU
	EndGlobalSection
	GlobalSection(ProjectConfigurationPlatforms) = postSolution
		{1DC5914E-FD01-44D0-A229-DF55655102EE}.Debug|Any CPU.ActiveCfg = Debug|Any CPU
		{1DC5914E-FD01-44D0-A229-DF55655102EE}.Debug|Any CPU.Build.0 = Debug|Any CPU
		{1DC5914E-FD01-44D0-A229-DF55655102EE}.Release|Any CPU.ActiveCfg = Release|Any CPU
		{1DC5914E-FD01-44D0-A229-DF55655102EE}.Release|Any CPU.Build.0 = Release|Any CPU
	EndGlobalSection
	GlobalSection(SolutionProperties) = preSolution
		HideSolutionNode = FALSE
	EndGlobalSection
	GlobalSection(ExtensibilityGlobals) = postSolution
		SolutionGuid = {147AD679-00D7-4E61-AF0D-096B91F90B75}
	EndGlobalSection
EndGlobal
