
Microsoft Visual Studio Solution File, Format Version 12.00
# Visual Studio Version 17
VisualStudioVersion = 17.13.35825.156 d17.13
MinimumVisualStudioVersion = 10.0.40219.1
Project("{FAE04EC0-301F-11D3-BF4B-00C04F79EFBC}") = "Convertir segundos", "Convertir segundos.csproj", "{878914B8-F03F-48C1-9512-A778C83A2BD2}"
EndProject
Global
	GlobalSection(SolutionConfigurationPlatforms) = preSolution
		Debug|Any CPU = Debug|Any CPU
		Release|Any CPU = Release|Any CPU
	EndGlobalSection
	GlobalSection(ProjectConfigurationPlatforms) = postSolution
		{878914B8-F03F-48C1-9512-A778C83A2BD2}.Debug|Any CPU.ActiveCfg = Debug|Any CPU
		{878914B8-F03F-48C1-9512-A778C83A2BD2}.Debug|Any CPU.Build.0 = Debug|Any CPU
		{878914B8-F03F-48C1-9512-A778C83A2BD2}.Release|Any CPU.ActiveCfg = Release|Any CPU
		{878914B8-F03F-48C1-9512-A778C83A2BD2}.Release|Any CPU.Build.0 = Release|Any CPU
	EndGlobalSection
	GlobalSection(SolutionProperties) = preSolution
		HideSolutionNode = FALSE
	EndGlobalSection
	GlobalSection(ExtensibilityGlobals) = postSolution
		SolutionGuid = {922713A3-C7FC-4A8F-8A0F-47B72704806C}
	EndGlobalSection
EndGlobal
