
Microsoft Visual Studio Solution File, Format Version 12.00
# Visual Studio Version 17
VisualStudioVersion = 17.13.35825.156 d17.13
MinimumVisualStudioVersion = 10.0.40219.1
Project("{FAE04EC0-301F-11D3-BF4B-00C04F79EFBC}") = "Comparar dos números", "Comparar dos números.csproj", "{5F458AF5-7784-4EF4-8806-A83D7D11F47B}"
EndProject
Global
	GlobalSection(SolutionConfigurationPlatforms) = preSolution
		Debug|Any CPU = Debug|Any CPU
		Release|Any CPU = Release|Any CPU
	EndGlobalSection
	GlobalSection(ProjectConfigurationPlatforms) = postSolution
		{5F458AF5-7784-4EF4-8806-A83D7D11F47B}.Debug|Any CPU.ActiveCfg = Debug|Any CPU
		{5F458AF5-7784-4EF4-8806-A83D7D11F47B}.Debug|Any CPU.Build.0 = Debug|Any CPU
		{5F458AF5-7784-4EF4-8806-A83D7D11F47B}.Release|Any CPU.ActiveCfg = Release|Any CPU
		{5F458AF5-7784-4EF4-8806-A83D7D11F47B}.Release|Any CPU.Build.0 = Release|Any CPU
	EndGlobalSection
	GlobalSection(SolutionProperties) = preSolution
		HideSolutionNode = FALSE
	EndGlobalSection
	GlobalSection(ExtensibilityGlobals) = postSolution
		SolutionGuid = {D74C0E79-2256-42C6-AB1D-1D26129B8D07}
	EndGlobalSection
EndGlobal
