
Microsoft Visual Studio Solution File, Format Version 12.00
# Visual Studio Version 17
VisualStudioVersion = 17.13.35825.156 d17.13
MinimumVisualStudioVersion = 10.0.40219.1
Project("{FAE04EC0-301F-11D3-BF4B-00C04F79EFBC}") = "Mayor edad", "Mayor edad.csproj", "{2A09CE1E-AA57-4536-A0D6-44DA03C8A9FE}"
EndProject
Global
	GlobalSection(SolutionConfigurationPlatforms) = preSolution
		Debug|Any CPU = Debug|Any CPU
		Release|Any CPU = Release|Any CPU
	EndGlobalSection
	GlobalSection(ProjectConfigurationPlatforms) = postSolution
		{2A09CE1E-AA57-4536-A0D6-44DA03C8A9FE}.Debug|Any CPU.ActiveCfg = Debug|Any CPU
		{2A09CE1E-AA57-4536-A0D6-44DA03C8A9FE}.Debug|Any CPU.Build.0 = Debug|Any CPU
		{2A09CE1E-AA57-4536-A0D6-44DA03C8A9FE}.Release|Any CPU.ActiveCfg = Release|Any CPU
		{2A09CE1E-AA57-4536-A0D6-44DA03C8A9FE}.Release|Any CPU.Build.0 = Release|Any CPU
	EndGlobalSection
	GlobalSection(SolutionProperties) = preSolution
		HideSolutionNode = FALSE
	EndGlobalSection
	GlobalSection(ExtensibilityGlobals) = postSolution
		SolutionGuid = {6CED5EB2-9F5A-4269-ADBE-B444AF5415D5}
	EndGlobalSection
EndGlobal
