
Microsoft Visual Studio Solution File, Format Version 12.00
# Visual Studio Version 17
VisualStudioVersion = 17.13.35825.156 d17.13
MinimumVisualStudioVersion = 10.0.40219.1
Project("{FAE04EC0-301F-11D3-BF4B-00C04F79EFBC}") = "Area del triangulo", "Area del triangulo.csproj", "{210975E0-5ACE-43C5-AC93-1931DF8D3332}"
EndProject
Global
	GlobalSection(SolutionConfigurationPlatforms) = preSolution
		Debug|Any CPU = Debug|Any CPU
		Release|Any CPU = Release|Any CPU
	EndGlobalSection
	GlobalSection(ProjectConfigurationPlatforms) = postSolution
		{210975E0-5ACE-43C5-AC93-1931DF8D3332}.Debug|Any CPU.ActiveCfg = Debug|Any CPU
		{210975E0-5ACE-43C5-AC93-1931DF8D3332}.Debug|Any CPU.Build.0 = Debug|Any CPU
		{210975E0-5ACE-43C5-AC93-1931DF8D3332}.Release|Any CPU.ActiveCfg = Release|Any CPU
		{210975E0-5ACE-43C5-AC93-1931DF8D3332}.Release|Any CPU.Build.0 = Release|Any CPU
	EndGlobalSection
	GlobalSection(SolutionProperties) = preSolution
		HideSolutionNode = FALSE
	EndGlobalSection
	GlobalSection(ExtensibilityGlobals) = postSolution
		SolutionGuid = {1BCDF0F0-4D3A-4883-979E-9DB0D73FF2FB}
	EndGlobalSection
EndGlobal
