
Microsoft Visual Studio Solution File, Format Version 12.00
# Visual Studio Version 17
VisualStudioVersion = 17.13.35825.156 d17.13
MinimumVisualStudioVersion = 10.0.40219.1
Project("{FAE04EC0-301F-11D3-BF4B-00C04F79EFBC}") = "Numero par o impar", "Numero par o impar.csproj", "{7DAC36FF-CC1A-4781-9942-1B5E8A81FA25}"
EndProject
Global
	GlobalSection(SolutionConfigurationPlatforms) = preSolution
		Debug|Any CPU = Debug|Any CPU
		Release|Any CPU = Release|Any CPU
	EndGlobalSection
	GlobalSection(ProjectConfigurationPlatforms) = postSolution
		{7DAC36FF-CC1A-4781-9942-1B5E8A81FA25}.Debug|Any CPU.ActiveCfg = Debug|Any CPU
		{7DAC36FF-CC1A-4781-9942-1B5E8A81FA25}.Debug|Any CPU.Build.0 = Debug|Any CPU
		{7DAC36FF-CC1A-4781-9942-1B5E8A81FA25}.Release|Any CPU.ActiveCfg = Release|Any CPU
		{7DAC36FF-CC1A-4781-9942-1B5E8A81FA25}.Release|Any CPU.Build.0 = Release|Any CPU
	EndGlobalSection
	GlobalSection(SolutionProperties) = preSolution
		HideSolutionNode = FALSE
	EndGlobalSection
	GlobalSection(ExtensibilityGlobals) = postSolution
		SolutionGuid = {35C84A72-90CC-4351-BB47-08AD885CFEA0}
	EndGlobalSection
EndGlobal
