
Microsoft Visual Studio Solution File, Format Version 12.00
# Visual Studio Version 17
VisualStudioVersion = 17.13.35825.156 d17.13
MinimumVisualStudioVersion = 10.0.40219.1
Project("{FAE04EC0-301F-11D3-BF4B-00C04F79EFBC}") = "Tiempo en segundos", "Tiempo en segundos.csproj", "{A43C1ADE-7C65-459A-84F4-B7DF2A461C89}"
EndProject
Global
	GlobalSection(SolutionConfigurationPlatforms) = preSolution
		Debug|Any CPU = Debug|Any CPU
		Release|Any CPU = Release|Any CPU
	EndGlobalSection
	GlobalSection(ProjectConfigurationPlatforms) = postSolution
		{A43C1ADE-7C65-459A-84F4-B7DF2A461C89}.Debug|Any CPU.ActiveCfg = Debug|Any CPU
		{A43C1ADE-7C65-459A-84F4-B7DF2A461C89}.Debug|Any CPU.Build.0 = Debug|Any CPU
		{A43C1ADE-7C65-459A-84F4-B7DF2A461C89}.Release|Any CPU.ActiveCfg = Release|Any CPU
		{A43C1ADE-7C65-459A-84F4-B7DF2A461C89}.Release|Any CPU.Build.0 = Release|Any CPU
	EndGlobalSection
	GlobalSection(SolutionProperties) = preSolution
		HideSolutionNode = FALSE
	EndGlobalSection
	GlobalSection(ExtensibilityGlobals) = postSolution
		SolutionGuid = {544552A2-9484-4E75-AF0D-70FC37771DDE}
	EndGlobalSection
EndGlobal
