
Microsoft Visual Studio Solution File, Format Version 12.00
# Visual Studio Version 17
VisualStudioVersion = 17.13.35825.156 d17.13
MinimumVisualStudioVersion = 10.0.40219.1
Project("{FAE04EC0-301F-11D3-BF4B-00C04F79EFBC}") = "Descuento de minima compra", "Descuento de minima compra.csproj", "{32C82727-1E23-4025-BBAB-E57924CF7009}"
EndProject
Global
	GlobalSection(SolutionConfigurationPlatforms) = preSolution
		Debug|Any CPU = Debug|Any CPU
		Release|Any CPU = Release|Any CPU
	EndGlobalSection
	GlobalSection(ProjectConfigurationPlatforms) = postSolution
		{32C82727-1E23-4025-BBAB-E57924CF7009}.Debug|Any CPU.ActiveCfg = Debug|Any CPU
		{32C82727-1E23-4025-BBAB-E57924CF7009}.Debug|Any CPU.Build.0 = Debug|Any CPU
		{32C82727-1E23-4025-BBAB-E57924CF7009}.Release|Any CPU.ActiveCfg = Release|Any CPU
		{32C82727-1E23-4025-BBAB-E57924CF7009}.Release|Any CPU.Build.0 = Release|Any CPU
	EndGlobalSection
	GlobalSection(SolutionProperties) = preSolution
		HideSolutionNode = FALSE
	EndGlobalSection
	GlobalSection(ExtensibilityGlobals) = postSolution
		SolutionGuid = {17ECDEF1-9651-4224-BCAC-4F067214F5D5}
	EndGlobalSection
EndGlobal
