
Microsoft Visual Studio Solution File, Format Version 12.00
# Visual Studio Version 17
VisualStudioVersion = 17.13.35825.156 d17.13
MinimumVisualStudioVersion = 10.0.40219.1
Project("{FAE04EC0-301F-11D3-BF4B-00C04F79EFBC}") = "Litros a Mililitros", "Litros a Mililitros.csproj", "{C31C0902-991B-460E-BDC1-6487B8210D62}"
EndProject
Global
	GlobalSection(SolutionConfigurationPlatforms) = preSolution
		Debug|Any CPU = Debug|Any CPU
		Release|Any CPU = Release|Any CPU
	EndGlobalSection
	GlobalSection(ProjectConfigurationPlatforms) = postSolution
		{C31C0902-991B-460E-BDC1-6487B8210D62}.Debug|Any CPU.ActiveCfg = Debug|Any CPU
		{C31C0902-991B-460E-BDC1-6487B8210D62}.Debug|Any CPU.Build.0 = Debug|Any CPU
		{C31C0902-991B-460E-BDC1-6487B8210D62}.Release|Any CPU.ActiveCfg = Release|Any CPU
		{C31C0902-991B-460E-BDC1-6487B8210D62}.Release|Any CPU.Build.0 = Release|Any CPU
	EndGlobalSection
	GlobalSection(SolutionProperties) = preSolution
		HideSolutionNode = FALSE
	EndGlobalSection
	GlobalSection(ExtensibilityGlobals) = postSolution
		SolutionGuid = {02727C80-4D9E-4E71-8001-3BF05B3BB013}
	EndGlobalSection
EndGlobal
